
Microsoft Visual Studio Solution File, Format Version 12.00
# Visual Studio Version 17
VisualStudioVersion = 17.7.34009.444
MinimumVisualStudioVersion = 10.0.40219.1
Project("{FAE04EC0-301F-11D3-BF4B-00C04F79EFBC}") = "BOT_V2", "BOT_V2.csproj", "{BFA1E366-F7F6-463C-A620-7929965DFFE6}"
EndProject
Global
	GlobalSection(SolutionConfigurationPlatforms) = preSolution
		Debug|Any CPU = Debug|Any CPU
		Release|Any CPU = Release|Any CPU
	EndGlobalSection
	GlobalSection(ProjectConfigurationPlatforms) = postSolution
		{BFA1E366-F7F6-463C-A620-7929965DFFE6}.Debug|Any CPU.ActiveCfg = Debug|Any CPU
		{BFA1E366-F7F6-463C-A620-7929965DFFE6}.Debug|Any CPU.Build.0 = Debug|Any CPU
		{BFA1E366-F7F6-463C-A620-7929965DFFE6}.Release|Any CPU.ActiveCfg = Release|Any CPU
		{BFA1E366-F7F6-463C-A620-7929965DFFE6}.Release|Any CPU.Build.0 = Release|Any CPU
	EndGlobalSection
	GlobalSection(SolutionProperties) = preSolution
		HideSolutionNode = FALSE
	EndGlobalSection
	GlobalSection(ExtensibilityGlobals) = postSolution
		SolutionGuid = {B76C9D93-EF13-4A34-9CA5-466510B7BB33}
	EndGlobalSection
EndGlobal
